// !$*UTF8*$!
{
	archiveVersion = 1;
	classes = {
	};
	objectVersion = 50;
	objects = {

/* Begin PBXBuildFile section */
		2D0B10D225EAA14E00DA370A /* PlayerCell.swift in Sources */ = {isa = PBXBuildFile; fileRef = 2D0B10D125EAA14E00DA370A /* PlayerCell.swift */; };
		2D3E5EE525DC6695009D6F07 /* AppDelegate.swift in Sources */ = {isa = PBXBuildFile; fileRef = 2D3E5EE425DC6695009D6F07 /* AppDelegate.swift */; };
		2D3E5EE925DC6695009D6F07 /* MainViewController.swift in Sources */ = {isa = PBXBuildFile; fileRef = 2D3E5EE825DC6695009D6F07 /* MainViewController.swift */; };
		2D3E5EEF25DC6695009D6F07 /* PlayersCoreDataModels.xcdatamodeld in Sources */ = {isa = PBXBuildFile; fileRef = 2D3E5EED25DC6695009D6F07 /* PlayersCoreDataModels.xcdatamodeld */; };
		2D3E5EF125DC6697009D6F07 /* Assets.xcassets in Resources */ = {isa = PBXBuildFile; fileRef = 2D3E5EF025DC6697009D6F07 /* Assets.xcassets */; };
		2D3E5EF425DC6697009D6F07 /* LaunchScreen.storyboard in Resources */ = {isa = PBXBuildFile; fileRef = 2D3E5EF225DC6697009D6F07 /* LaunchScreen.storyboard */; };
		2D3E5EFF25DC6698009D6F07 /* core_data_homeworkTests.swift in Sources */ = {isa = PBXBuildFile; fileRef = 2D3E5EFE25DC6698009D6F07 /* core_data_homeworkTests.swift */; };
		2D3E5F0A25DC6698009D6F07 /* core_data_homeworkUITests.swift in Sources */ = {isa = PBXBuildFile; fileRef = 2D3E5F0925DC6698009D6F07 /* core_data_homeworkUITests.swift */; };
		2D3E5F2925DC6AA5009D6F07 /* PlayerViewController.swift in Sources */ = {isa = PBXBuildFile; fileRef = 2D3E5F2825DC6AA5009D6F07 /* PlayerViewController.swift */; };
		2D71001125EB94000095D54E /* Common.storyboard in Resources */ = {isa = PBXBuildFile; fileRef = 2D71001025EB94000095D54E /* Common.storyboard */; };
		2D71001725EB980C0095D54E /* ItemSelectorViewController.swift in Sources */ = {isa = PBXBuildFile; fileRef = 2D71001625EB980C0095D54E /* ItemSelectorViewController.swift */; };
		2D8BD48825F4CBCB008820E8 /* InPlayFilterStatus.swift in Sources */ = {isa = PBXBuildFile; fileRef = 2D8BD48725F4CBCB008820E8 /* InPlayFilterStatus.swift */; };
		2D8BD49925F4FEF4008820E8 /* MockData.swift in Sources */ = {isa = PBXBuildFile; fileRef = 2D8BD49825F4FEF4008820E8 /* MockData.swift */; };
		2DAC733E25F40D4E00F648C0 /* PlayerSearchViewController.swift in Sources */ = {isa = PBXBuildFile; fileRef = 2DAC733D25F40D4E00F648C0 /* PlayerSearchViewController.swift */; };
		2DDCC5FD25E264410010400C /* CoreDataManager.swift in Sources */ = {isa = PBXBuildFile; fileRef = 2DDCC5FC25E264410010400C /* CoreDataManager.swift */; };
		2DDCC60625E269810010400C /* Player.storyboard in Resources */ = {isa = PBXBuildFile; fileRef = 2DDCC60525E269810010400C /* Player.storyboard */; };
/* End PBXBuildFile section */

/* Begin PBXContainerItemProxy section */
		2D3E5EFB25DC6698009D6F07 /* PBXContainerItemProxy */ = {
			isa = PBXContainerItemProxy;
			containerPortal = 2D3E5ED925DC6695009D6F07 /* Project object */;
			proxyType = 1;
			remoteGlobalIDString = 2D3E5EE025DC6695009D6F07;
			remoteInfo = core_data_homework;
		};
		2D3E5F0625DC6698009D6F07 /* PBXContainerItemProxy */ = {
			isa = PBXContainerItemProxy;
			containerPortal = 2D3E5ED925DC6695009D6F07 /* Project object */;
			proxyType = 1;
			remoteGlobalIDString = 2D3E5EE025DC6695009D6F07;
			remoteInfo = core_data_homework;
		};
/* End PBXContainerItemProxy section */

/* Begin PBXFileReference section */
		2D0B10D125EAA14E00DA370A /* PlayerCell.swift */ = {isa = PBXFileReference; lastKnownFileType = sourcecode.swift; path = PlayerCell.swift; sourceTree = "<group>"; };
		2D3E5EE125DC6695009D6F07 /* core_data_homework.app */ = {isa = PBXFileReference; explicitFileType = wrapper.application; includeInIndex = 0; path = core_data_homework.app; sourceTree = BUILT_PRODUCTS_DIR; };
		2D3E5EE425DC6695009D6F07 /* AppDelegate.swift */ = {isa = PBXFileReference; lastKnownFileType = sourcecode.swift; path = AppDelegate.swift; sourceTree = "<group>"; };
		2D3E5EE825DC6695009D6F07 /* MainViewController.swift */ = {isa = PBXFileReference; lastKnownFileType = sourcecode.swift; path = MainViewController.swift; sourceTree = "<group>"; };
		2D3E5EEE25DC6695009D6F07 /* core_data_homework.xcdatamodel */ = {isa = PBXFileReference; lastKnownFileType = wrapper.xcdatamodel; path = core_data_homework.xcdatamodel; sourceTree = "<group>"; };
		2D3E5EF025DC6697009D6F07 /* Assets.xcassets */ = {isa = PBXFileReference; lastKnownFileType = folder.assetcatalog; path = Assets.xcassets; sourceTree = "<group>"; };
		2D3E5EF325DC6697009D6F07 /* Base */ = {isa = PBXFileReference; lastKnownFileType = file.storyboard; name = Base; path = Base.lproj/LaunchScreen.storyboard; sourceTree = "<group>"; };
		2D3E5EF525DC6697009D6F07 /* Info.plist */ = {isa = PBXFileReference; lastKnownFileType = text.plist.xml; path = Info.plist; sourceTree = "<group>"; };
		2D3E5EFA25DC6698009D6F07 /* core_data_homeworkTests.xctest */ = {isa = PBXFileReference; explicitFileType = wrapper.cfbundle; includeInIndex = 0; path = core_data_homeworkTests.xctest; sourceTree = BUILT_PRODUCTS_DIR; };
		2D3E5EFE25DC6698009D6F07 /* core_data_homeworkTests.swift */ = {isa = PBXFileReference; lastKnownFileType = sourcecode.swift; path = core_data_homeworkTests.swift; sourceTree = "<group>"; };
		2D3E5F0025DC6698009D6F07 /* Info.plist */ = {isa = PBXFileReference; lastKnownFileType = text.plist.xml; path = Info.plist; sourceTree = "<group>"; };
		2D3E5F0525DC6698009D6F07 /* core_data_homeworkUITests.xctest */ = {isa = PBXFileReference; explicitFileType = wrapper.cfbundle; includeInIndex = 0; path = core_data_homeworkUITests.xctest; sourceTree = BUILT_PRODUCTS_DIR; };
		2D3E5F0925DC6698009D6F07 /* core_data_homeworkUITests.swift */ = {isa = PBXFileReference; lastKnownFileType = sourcecode.swift; path = core_data_homeworkUITests.swift; sourceTree = "<group>"; };
		2D3E5F0B25DC6698009D6F07 /* Info.plist */ = {isa = PBXFileReference; lastKnownFileType = text.plist.xml; path = Info.plist; sourceTree = "<group>"; };
		2D3E5F2825DC6AA5009D6F07 /* PlayerViewController.swift */ = {isa = PBXFileReference; lastKnownFileType = sourcecode.swift; path = PlayerViewController.swift; sourceTree = "<group>"; };
		2D71001025EB94000095D54E /* Common.storyboard */ = {isa = PBXFileReference; lastKnownFileType = file.storyboard; path = Common.storyboard; sourceTree = "<group>"; };
		2D71001625EB980C0095D54E /* ItemSelectorViewController.swift */ = {isa = PBXFileReference; lastKnownFileType = sourcecode.swift; path = ItemSelectorViewController.swift; sourceTree = "<group>"; };
		2D8BD48725F4CBCB008820E8 /* InPlayFilterStatus.swift */ = {isa = PBXFileReference; lastKnownFileType = sourcecode.swift; path = InPlayFilterStatus.swift; sourceTree = "<group>"; };
		2D8BD49825F4FEF4008820E8 /* MockData.swift */ = {isa = PBXFileReference; lastKnownFileType = sourcecode.swift; path = MockData.swift; sourceTree = "<group>"; };
		2DAC733D25F40D4E00F648C0 /* PlayerSearchViewController.swift */ = {isa = PBXFileReference; lastKnownFileType = sourcecode.swift; path = PlayerSearchViewController.swift; sourceTree = "<group>"; };
		2DDCC5FC25E264410010400C /* CoreDataManager.swift */ = {isa = PBXFileReference; lastKnownFileType = sourcecode.swift; path = CoreDataManager.swift; sourceTree = "<group>"; };
		2DDCC60525E269810010400C /* Player.storyboard */ = {isa = PBXFileReference; lastKnownFileType = file.storyboard; path = Player.storyboard; sourceTree = "<group>"; };
/* End PBXFileReference section */

/* Begin PBXFrameworksBuildPhase section */
		2D3E5EDE25DC6695009D6F07 /* Frameworks */ = {
			isa = PBXFrameworksBuildPhase;
			buildActionMask = 2147483647;
			files = (
			);
			runOnlyForDeploymentPostprocessing = 0;
		};
		2D3E5EF725DC6698009D6F07 /* Frameworks */ = {
			isa = PBXFrameworksBuildPhase;
			buildActionMask = 2147483647;
			files = (
			);
			runOnlyForDeploymentPostprocessing = 0;
		};
		2D3E5F0225DC6698009D6F07 /* Frameworks */ = {
			isa = PBXFrameworksBuildPhase;
			buildActionMask = 2147483647;
			files = (
			);
			runOnlyForDeploymentPostprocessing = 0;
		};
/* End PBXFrameworksBuildPhase section */

/* Begin PBXGroup section */
		2D0B10D025EAA13600DA370A /* Cells */ = {
			isa = PBXGroup;
			children = (
				2D0B10D125EAA14E00DA370A /* PlayerCell.swift */,
			);
			path = Cells;
			sourceTree = "<group>";
		};
		2D3E5ED825DC6695009D6F07 = {
			isa = PBXGroup;
			children = (
				2D3E5EE325DC6695009D6F07 /* core_data_homework */,
				2D3E5EFD25DC6698009D6F07 /* core_data_homeworkTests */,
				2D3E5F0825DC6698009D6F07 /* core_data_homeworkUITests */,
				2D3E5EE225DC6695009D6F07 /* Products */,
			);
			sourceTree = "<group>";
		};
		2D3E5EE225DC6695009D6F07 /* Products */ = {
			isa = PBXGroup;
			children = (
				2D3E5EE125DC6695009D6F07 /* core_data_homework.app */,
				2D3E5EFA25DC6698009D6F07 /* core_data_homeworkTests.xctest */,
				2D3E5F0525DC6698009D6F07 /* core_data_homeworkUITests.xctest */,
			);
			name = Products;
			sourceTree = "<group>";
		};
		2D3E5EE325DC6695009D6F07 /* core_data_homework */ = {
			isa = PBXGroup;
			children = (
				2DDCC5F025E2631D0010400C /* Utils */,
				2DDCC5E725E262890010400C /* Modules */,
				2D3E5EE425DC6695009D6F07 /* AppDelegate.swift */,
				2D3E5EF025DC6697009D6F07 /* Assets.xcassets */,
				2D3E5EF225DC6697009D6F07 /* LaunchScreen.storyboard */,
				2D3E5EF525DC6697009D6F07 /* Info.plist */,
				2D3E5EED25DC6695009D6F07 /* PlayersCoreDataModels.xcdatamodeld */,
			);
			path = core_data_homework;
			sourceTree = "<group>";
		};
		2D3E5EFD25DC6698009D6F07 /* core_data_homeworkTests */ = {
			isa = PBXGroup;
			children = (
				2D3E5EFE25DC6698009D6F07 /* core_data_homeworkTests.swift */,
				2D3E5F0025DC6698009D6F07 /* Info.plist */,
			);
			path = core_data_homeworkTests;
			sourceTree = "<group>";
		};
		2D3E5F0825DC6698009D6F07 /* core_data_homeworkUITests */ = {
			isa = PBXGroup;
			children = (
				2D3E5F0925DC6698009D6F07 /* core_data_homeworkUITests.swift */,
				2D3E5F0B25DC6698009D6F07 /* Info.plist */,
			);
			path = core_data_homeworkUITests;
			sourceTree = "<group>";
		};
		2D71000F25EB93E40095D54E /* Common */ = {
			isa = PBXGroup;
			children = (
				2D71001525EB97740095D54E /* ItemSelector */,
				2D71001025EB94000095D54E /* Common.storyboard */,
			);
			path = Common;
			sourceTree = "<group>";
		};
		2D71001525EB97740095D54E /* ItemSelector */ = {
			isa = PBXGroup;
			children = (
				2D71001625EB980C0095D54E /* ItemSelectorViewController.swift */,
			);
			path = ItemSelector;
			sourceTree = "<group>";
		};
		2D8BD48325F4CB5C008820E8 /* Models */ = {
			isa = PBXGroup;
			children = (
				2D8BD48725F4CBCB008820E8 /* InPlayFilterStatus.swift */,
			);
			path = Models;
			sourceTree = "<group>";
		};
		2DAC733925F40D3000F648C0 /* PlayerSearch */ = {
			isa = PBXGroup;
			children = (
				2DAC733D25F40D4E00F648C0 /* PlayerSearchViewController.swift */,
			);
			path = PlayerSearch;
			sourceTree = "<group>";
		};
		2DDCC5E725E262890010400C /* Modules */ = {
			isa = PBXGroup;
			children = (
				2D71000F25EB93E40095D54E /* Common */,
				2DDCC60425E269430010400C /* Player */,
			);
			path = Modules;
			sourceTree = "<group>";
		};
		2DDCC5E825E262BD0010400C /* PlayerEdit */ = {
			isa = PBXGroup;
			children = (
				2D3E5F2825DC6AA5009D6F07 /* PlayerViewController.swift */,
			);
			path = PlayerEdit;
			sourceTree = "<group>";
		};
		2DDCC5E925E262C90010400C /* PlayersFeed */ = {
			isa = PBXGroup;
			children = (
				2D8BD48325F4CB5C008820E8 /* Models */,
				2D0B10D025EAA13600DA370A /* Cells */,
				2D3E5EE825DC6695009D6F07 /* MainViewController.swift */,
			);
			path = PlayersFeed;
			sourceTree = "<group>";
		};
		2DDCC5F025E2631D0010400C /* Utils */ = {
			isa = PBXGroup;
			children = (
				2DDCC5FC25E264410010400C /* CoreDataManager.swift */,
				2D8BD49825F4FEF4008820E8 /* MockData.swift */,
			);
			path = Utils;
			sourceTree = "<group>";
		};
		2DDCC60425E269430010400C /* Player */ = {
			isa = PBXGroup;
			children = (
				2DAC733925F40D3000F648C0 /* PlayerSearch */,
				2DDCC5E925E262C90010400C /* PlayersFeed */,
				2DDCC5E825E262BD0010400C /* PlayerEdit */,
				2DDCC60525E269810010400C /* Player.storyboard */,
			);
			path = Player;
			sourceTree = "<group>";
		};
/* End PBXGroup section */

/* Begin PBXNativeTarget section */
		2D3E5EE025DC6695009D6F07 /* core_data_homework */ = {
			isa = PBXNativeTarget;
			buildConfigurationList = 2D3E5F0E25DC6698009D6F07 /* Build configuration list for PBXNativeTarget "core_data_homework" */;
			buildPhases = (
				2D3E5EDD25DC6695009D6F07 /* Sources */,
				2D3E5EDE25DC6695009D6F07 /* Frameworks */,
				2D3E5EDF25DC6695009D6F07 /* Resources */,
			);
			buildRules = (
			);
			dependencies = (
			);
			name = core_data_homework;
			productName = core_data_homework;
			productReference = 2D3E5EE125DC6695009D6F07 /* core_data_homework.app */;
			productType = "com.apple.product-type.application";
		};
		2D3E5EF925DC6698009D6F07 /* core_data_homeworkTests */ = {
			isa = PBXNativeTarget;
			buildConfigurationList = 2D3E5F1125DC6698009D6F07 /* Build configuration list for PBXNativeTarget "core_data_homeworkTests" */;
			buildPhases = (
				2D3E5EF625DC6698009D6F07 /* Sources */,
				2D3E5EF725DC6698009D6F07 /* Frameworks */,
				2D3E5EF825DC6698009D6F07 /* Resources */,
			);
			buildRules = (
			);
			dependencies = (
				2D3E5EFC25DC6698009D6F07 /* PBXTargetDependency */,
			);
			name = core_data_homeworkTests;
			productName = core_data_homeworkTests;
			productReference = 2D3E5EFA25DC6698009D6F07 /* core_data_homeworkTests.xctest */;
			productType = "com.apple.product-type.bundle.unit-test";
		};
		2D3E5F0425DC6698009D6F07 /* core_data_homeworkUITests */ = {
			isa = PBXNativeTarget;
			buildConfigurationList = 2D3E5F1425DC6698009D6F07 /* Build configuration list for PBXNativeTarget "core_data_homeworkUITests" */;
			buildPhases = (
				2D3E5F0125DC6698009D6F07 /* Sources */,
				2D3E5F0225DC6698009D6F07 /* Frameworks */,
				2D3E5F0325DC6698009D6F07 /* Resources */,
			);
			buildRules = (
			);
			dependencies = (
				2D3E5F0725DC6698009D6F07 /* PBXTargetDependency */,
			);
			name = core_data_homeworkUITests;
			productName = core_data_homeworkUITests;
			productReference = 2D3E5F0525DC6698009D6F07 /* core_data_homeworkUITests.xctest */;
			productType = "com.apple.product-type.bundle.ui-testing";
		};
/* End PBXNativeTarget section */

/* Begin PBXProject section */
		2D3E5ED925DC6695009D6F07 /* Project object */ = {
			isa = PBXProject;
			attributes = {
				LastSwiftUpdateCheck = 1240;
				LastUpgradeCheck = 1240;
				TargetAttributes = {
					2D3E5EE025DC6695009D6F07 = {
						CreatedOnToolsVersion = 12.4;
					};
					2D3E5EF925DC6698009D6F07 = {
						CreatedOnToolsVersion = 12.4;
						TestTargetID = 2D3E5EE025DC6695009D6F07;
					};
					2D3E5F0425DC6698009D6F07 = {
						CreatedOnToolsVersion = 12.4;
						TestTargetID = 2D3E5EE025DC6695009D6F07;
					};
				};
			};
			buildConfigurationList = 2D3E5EDC25DC6695009D6F07 /* Build configuration list for PBXProject "core_data_homework" */;
			compatibilityVersion = "Xcode 9.3";
			developmentRegion = en;
			hasScannedForEncodings = 0;
			knownRegions = (
				en,
				Base,
			);
			mainGroup = 2D3E5ED825DC6695009D6F07;
			productRefGroup = 2D3E5EE225DC6695009D6F07 /* Products */;
			projectDirPath = "";
			projectRoot = "";
			targets = (
				2D3E5EE025DC6695009D6F07 /* core_data_homework */,
				2D3E5EF925DC6698009D6F07 /* core_data_homeworkTests */,
				2D3E5F0425DC6698009D6F07 /* core_data_homeworkUITests */,
			);
		};
/* End PBXProject section */

/* Begin PBXResourcesBuildPhase section */
		2D3E5EDF25DC6695009D6F07 /* Resources */ = {
			isa = PBXResourcesBuildPhase;
			buildActionMask = 2147483647;
			files = (
				2D3E5EF425DC6697009D6F07 /* LaunchScreen.storyboard in Resources */,
				2D71001125EB94000095D54E /* Common.storyboard in Resources */,
				2D3E5EF125DC6697009D6F07 /* Assets.xcassets in Resources */,
				2DDCC60625E269810010400C /* Player.storyboard in Resources */,
			);
			runOnlyForDeploymentPostprocessing = 0;
		};
		2D3E5EF825DC6698009D6F07 /* Resources */ = {
			isa = PBXResourcesBuildPhase;
			buildActionMask = 2147483647;
			files = (
			);
			runOnlyForDeploymentPostprocessing = 0;
		};
		2D3E5F0325DC6698009D6F07 /* Resources */ = {
			isa = PBXResourcesBuildPhase;
			buildActionMask = 2147483647;
			files = (
			);
			runOnlyForDeploymentPostprocessing = 0;
		};
/* End PBXResourcesBuildPhase section */

/* Begin PBXSourcesBuildPhase section */
		2D3E5EDD25DC6695009D6F07 /* Sources */ = {
			isa = PBXSourcesBuildPhase;
			buildActionMask = 2147483647;
			files = (
				2DDCC5FD25E264410010400C /* CoreDataManager.swift in Sources */,
				2D3E5EEF25DC6695009D6F07 /* PlayersCoreDataModels.xcdatamodeld in Sources */,
				2D8BD48825F4CBCB008820E8 /* InPlayFilterStatus.swift in Sources */,
				2DAC733E25F40D4E00F648C0 /* PlayerSearchViewController.swift in Sources */,
				2D0B10D225EAA14E00DA370A /* PlayerCell.swift in Sources */,
				2D3E5F2925DC6AA5009D6F07 /* PlayerViewController.swift in Sources */,
				2D71001725EB980C0095D54E /* ItemSelectorViewController.swift in Sources */,
				2D3E5EE925DC6695009D6F07 /* MainViewController.swift in Sources */,
				2D3E5EE525DC6695009D6F07 /* AppDelegate.swift in Sources */,
				2D8BD49925F4FEF4008820E8 /* MockData.swift in Sources */,
			);
			runOnlyForDeploymentPostprocessing = 0;
		};
		2D3E5EF625DC6698009D6F07 /* Sources */ = {
			isa = PBXSourcesBuildPhase;
			buildActionMask = 2147483647;
			files = (
				2D3E5EFF25DC6698009D6F07 /* core_data_homeworkTests.swift in Sources */,
			);
			runOnlyForDeploymentPostprocessing = 0;
		};
		2D3E5F0125DC6698009D6F07 /* Sources */ = {
			isa = PBXSourcesBuildPhase;
			buildActionMask = 2147483647;
			files = (
				2D3E5F0A25DC6698009D6F07 /* core_data_homeworkUITests.swift in Sources */,
			);
			runOnlyForDeploymentPostprocessing = 0;
		};
/* End PBXSourcesBuildPhase section */

/* Begin PBXTargetDependency section */
		2D3E5EFC25DC6698009D6F07 /* PBXTargetDependency */ = {
			isa = PBXTargetDependency;
			target = 2D3E5EE025DC6695009D6F07 /* core_data_homework */;
			targetProxy = 2D3E5EFB25DC6698009D6F07 /* PBXContainerItemProxy */;
		};
		2D3E5F0725DC6698009D6F07 /* PBXTargetDependency */ = {
			isa = PBXTargetDependency;
			target = 2D3E5EE025DC6695009D6F07 /* core_data_homework */;
			targetProxy = 2D3E5F0625DC6698009D6F07 /* PBXContainerItemProxy */;
		};
/* End PBXTargetDependency section */

/* Begin PBXVariantGroup section */
		2D3E5EF225DC6697009D6F07 /* LaunchScreen.storyboard */ = {
			isa = PBXVariantGroup;
			children = (
				2D3E5EF325DC6697009D6F07 /* Base */,
			);
			name = LaunchScreen.storyboard;
			sourceTree = "<group>";
		};
/* End PBXVariantGroup section */

/* Begin XCBuildConfiguration section */
		2D3E5F0C25DC6698009D6F07 /* Debug */ = {
			isa = XCBuildConfiguration;
			buildSettings = {
				ALWAYS_SEARCH_USER_PATHS = NO;
				CLANG_ANALYZER_NONNULL = YES;
				CLANG_ANALYZER_NUMBER_OBJECT_CONVERSION = YES_AGGRESSIVE;
				CLANG_CXX_LANGUAGE_STANDARD = "gnu++14";
				CLANG_CXX_LIBRARY = "libc++";
				CLANG_ENABLE_MODULES = YES;
				CLANG_ENABLE_OBJC_ARC = YES;
				CLANG_ENABLE_OBJC_WEAK = YES;
				CLANG_WARN_BLOCK_CAPTURE_AUTORELEASING = YES;
				CLANG_WARN_BOOL_CONVERSION = YES;
				CLANG_WARN_COMMA = YES;
				CLANG_WARN_CONSTANT_CONVERSION = YES;
				CLANG_WARN_DEPRECATED_OBJC_IMPLEMENTATIONS = YES;
				CLANG_WARN_DIRECT_OBJC_ISA_USAGE = YES_ERROR;
				CLANG_WARN_DOCUMENTATION_COMMENTS = YES;
				CLANG_WARN_EMPTY_BODY = YES;
				CLANG_WARN_ENUM_CONVERSION = YES;
				CLANG_WARN_INFINITE_RECURSION = YES;
				CLANG_WARN_INT_CONVERSION = YES;
				CLANG_WARN_NON_LITERAL_NULL_CONVERSION = YES;
				CLANG_WARN_OBJC_IMPLICIT_RETAIN_SELF = YES;
				CLANG_WARN_OBJC_LITERAL_CONVERSION = YES;
				CLANG_WARN_OBJC_ROOT_CLASS = YES_ERROR;
				CLANG_WARN_QUOTED_INCLUDE_IN_FRAMEWORK_HEADER = YES;
				CLANG_WARN_RANGE_LOOP_ANALYSIS = YES;
				CLANG_WARN_STRICT_PROTOTYPES = YES;
				CLANG_WARN_SUSPICIOUS_MOVE = YES;
				CLANG_WARN_UNGUARDED_AVAILABILITY = YES_AGGRESSIVE;
				CLANG_WARN_UNREACHABLE_CODE = YES;
				CLANG_WARN__DUPLICATE_METHOD_MATCH = YES;
				COPY_PHASE_STRIP = NO;
				DEBUG_INFORMATION_FORMAT = dwarf;
				ENABLE_STRICT_OBJC_MSGSEND = YES;
				ENABLE_TESTABILITY = YES;
				GCC_C_LANGUAGE_STANDARD = gnu11;
				GCC_DYNAMIC_NO_PIC = NO;
				GCC_NO_COMMON_BLOCKS = YES;
				GCC_OPTIMIZATION_LEVEL = 0;
				GCC_PREPROCESSOR_DEFINITIONS = (
					"DEBUG=1",
					"$(inherited)",
				);
				GCC_WARN_64_TO_32_BIT_CONVERSION = YES;
				GCC_WARN_ABOUT_RETURN_TYPE = YES_ERROR;
				GCC_WARN_UNDECLARED_SELECTOR = YES;
				GCC_WARN_UNINITIALIZED_AUTOS = YES_AGGRESSIVE;
				GCC_WARN_UNUSED_FUNCTION = YES;
				GCC_WARN_UNUSED_VARIABLE = YES;
				IPHONEOS_DEPLOYMENT_TARGET = 14.4;
				MTL_ENABLE_DEBUG_INFO = INCLUDE_SOURCE;
				MTL_FAST_MATH = YES;
				ONLY_ACTIVE_ARCH = YES;
				SDKROOT = iphoneos;
				SWIFT_ACTIVE_COMPILATION_CONDITIONS = DEBUG;
				SWIFT_OPTIMIZATION_LEVEL = "-Onone";
			};
			name = Debug;
		};
		2D3E5F0D25DC6698009D6F07 /* Release */ = {
			isa = XCBuildConfiguration;
			buildSettings = {
				ALWAYS_SEARCH_USER_PATHS = NO;
				CLANG_ANALYZER_NONNULL = YES;
				CLANG_ANALYZER_NUMBER_OBJECT_CONVERSION = YES_AGGRESSIVE;
				CLANG_CXX_LANGUAGE_STANDARD = "gnu++14";
				CLANG_CXX_LIBRARY = "libc++";
				CLANG_ENABLE_MODULES = YES;
				CLANG_ENABLE_OBJC_ARC = YES;
				CLANG_ENABLE_OBJC_WEAK = YES;
				CLANG_WARN_BLOCK_CAPTURE_AUTORELEASING = YES;
				CLANG_WARN_BOOL_CONVERSION = YES;
				CLANG_WARN_COMMA = YES;
				CLANG_WARN_CONSTANT_CONVERSION = YES;
				CLANG_WARN_DEPRECATED_OBJC_IMPLEMENTATIONS = YES;
				CLANG_WARN_DIRECT_OBJC_ISA_USAGE = YES_ERROR;
				CLANG_WARN_DOCUMENTATION_COMMENTS = YES;
				CLANG_WARN_EMPTY_BODY = YES;
				CLANG_WARN_ENUM_CONVERSION = YES;
				CLANG_WARN_INFINITE_RECURSION = YES;
				CLANG_WARN_INT_CONVERSION = YES;
				CLANG_WARN_NON_LITERAL_NULL_CONVERSION = YES;
				CLANG_WARN_OBJC_IMPLICIT_RETAIN_SELF = YES;
				CLANG_WARN_OBJC_LITERAL_CONVERSION = YES;
				CLANG_WARN_OBJC_ROOT_CLASS = YES_ERROR;
				CLANG_WARN_QUOTED_INCLUDE_IN_FRAMEWORK_HEADER = YES;
				CLANG_WARN_RANGE_LOOP_ANALYSIS = YES;
				CLANG_WARN_STRICT_PROTOTYPES = YES;
				CLANG_WARN_SUSPICIOUS_MOVE = YES;
				CLANG_WARN_UNGUARDED_AVAILABILITY = YES_AGGRESSIVE;
				CLANG_WARN_UNREACHABLE_CODE = YES;
				CLANG_WARN__DUPLICATE_METHOD_MATCH = YES;
				COPY_PHASE_STRIP = NO;
				DEBUG_INFORMATION_FORMAT = "dwarf-with-dsym";
				ENABLE_NS_ASSERTIONS = NO;
				ENABLE_STRICT_OBJC_MSGSEND = YES;
				GCC_C_LANGUAGE_STANDARD = gnu11;
				GCC_NO_COMMON_BLOCKS = YES;
				GCC_WARN_64_TO_32_BIT_CONVERSION = YES;
				GCC_WARN_ABOUT_RETURN_TYPE = YES_ERROR;
				GCC_WARN_UNDECLARED_SELECTOR = YES;
				GCC_WARN_UNINITIALIZED_AUTOS = YES_AGGRESSIVE;
				GCC_WARN_UNUSED_FUNCTION = YES;
				GCC_WARN_UNUSED_VARIABLE = YES;
				IPHONEOS_DEPLOYMENT_TARGET = 14.4;
				MTL_ENABLE_DEBUG_INFO = NO;
				MTL_FAST_MATH = YES;
				SDKROOT = iphoneos;
				SWIFT_COMPILATION_MODE = wholemodule;
				SWIFT_OPTIMIZATION_LEVEL = "-O";
				VALIDATE_PRODUCT = YES;
			};
			name = Release;
		};
		2D3E5F0F25DC6698009D6F07 /* Debug */ = {
			isa = XCBuildConfiguration;
			buildSettings = {
				ASSETCATALOG_COMPILER_APPICON_NAME = AppIcon;
				ASSETCATALOG_COMPILER_GLOBAL_ACCENT_COLOR_NAME = AccentColor;
				CODE_SIGN_STYLE = Automatic;
				DEVELOPMENT_TEAM = D8W9RJFTST;
				INFOPLIST_FILE = core_data_homework/Info.plist;
				LD_RUNPATH_SEARCH_PATHS = (
					"$(inherited)",
					"@executable_path/Frameworks",
				);
				PRODUCT_BUNDLE_IDENTIFIER = "grunenkov.core-data-homework";
				PRODUCT_NAME = "$(TARGET_NAME)";
				SWIFT_VERSION = 5.0;
				TARGETED_DEVICE_FAMILY = 1;
			};
			name = Debug;
		};
		2D3E5F1025DC6698009D6F07 /* Release */ = {
			isa = XCBuildConfiguration;
			buildSettings = {
				ASSETCATALOG_COMPILER_APPICON_NAME = AppIcon;
				ASSETCATALOG_COMPILER_GLOBAL_ACCENT_COLOR_NAME = AccentColor;
				CODE_SIGN_STYLE = Automatic;
				DEVELOPMENT_TEAM = D8W9RJFTST;
				INFOPLIST_FILE = core_data_homework/Info.plist;
				LD_RUNPATH_SEARCH_PATHS = (
					"$(inherited)",
					"@executable_path/Frameworks",
				);
				PRODUCT_BUNDLE_IDENTIFIER = "grunenkov.core-data-homework";
				PRODUCT_NAME = "$(TARGET_NAME)";
				SWIFT_VERSION = 5.0;
				TARGETED_DEVICE_FAMILY = 1;
			};
			name = Release;
		};
		2D3E5F1225DC6698009D6F07 /* Debug */ = {
			isa = XCBuildConfiguration;
			buildSettings = {
				ALWAYS_EMBED_SWIFT_STANDARD_LIBRARIES = YES;
				BUNDLE_LOADER = "$(TEST_HOST)";
				CODE_SIGN_STYLE = Automatic;
				DEVELOPMENT_TEAM = D8W9RJFTST;
				INFOPLIST_FILE = core_data_homeworkTests/Info.plist;
				IPHONEOS_DEPLOYMENT_TARGET = 14.4;
				LD_RUNPATH_SEARCH_PATHS = (
					"$(inherited)",
					"@executable_path/Frameworks",
					"@loader_path/Frameworks",
				);
				PRODUCT_BUNDLE_IDENTIFIER = "grunenkov.core-data-homeworkTests";
				PRODUCT_NAME = "$(TARGET_NAME)";
				SWIFT_VERSION = 5.0;
				TARGETED_DEVICE_FAMILY = "1,2";
				TEST_HOST = "$(BUILT_PRODUCTS_DIR)/core_data_homework.app/core_data_homework";
			};
			name = Debug;
		};
		2D3E5F1325DC6698009D6F07 /* Release */ = {
			isa = XCBuildConfiguration;
			buildSettings = {
				ALWAYS_EMBED_SWIFT_STANDARD_LIBRARIES = YES;
				BUNDLE_LOADER = "$(TEST_HOST)";
				CODE_SIGN_STYLE = Automatic;
				DEVELOPMENT_TEAM = D8W9RJFTST;
				INFOPLIST_FILE = core_data_homeworkTests/Info.plist;
				IPHONEOS_DEPLOYMENT_TARGET = 14.4;
				LD_RUNPATH_SEARCH_PATHS = (
					"$(inherited)",
					"@executable_path/Frameworks",
					"@loader_path/Frameworks",
				);
				PRODUCT_BUNDLE_IDENTIFIER = "grunenkov.core-data-homeworkTests";
				PRODUCT_NAME = "$(TARGET_NAME)";
				SWIFT_VERSION = 5.0;
				TARGETED_DEVICE_FAMILY = "1,2";
				TEST_HOST = "$(BUILT_PRODUCTS_DIR)/core_data_homework.app/core_data_homework";
			};
			name = Release;
		};
		2D3E5F1525DC6698009D6F07 /* Debug */ = {
			isa = XCBuildConfiguration;
			buildSettings = {
				ALWAYS_EMBED_SWIFT_STANDARD_LIBRARIES = YES;
				CODE_SIGN_STYLE = Automatic;
				DEVELOPMENT_TEAM = D8W9RJFTST;
				INFOPLIST_FILE = core_data_homeworkUITests/Info.plist;
				LD_RUNPATH_SEARCH_PATHS = (
					"$(inherited)",
					"@executable_path/Frameworks",
					"@loader_path/Frameworks",
				);
				PRODUCT_BUNDLE_IDENTIFIER = "grunenkov.core-data-homeworkUITests";
				PRODUCT_NAME = "$(TARGET_NAME)";
				SWIFT_VERSION = 5.0;
				TARGETED_DEVICE_FAMILY = "1,2";
				TEST_TARGET_NAME = core_data_homework;
			};
			name = Debug;
		};
		2D3E5F1625DC6698009D6F07 /* Release */ = {
			isa = XCBuildConfiguration;
			buildSettings = {
				ALWAYS_EMBED_SWIFT_STANDARD_LIBRARIES = YES;
				CODE_SIGN_STYLE = Automatic;
				DEVELOPMENT_TEAM = D8W9RJFTST;
				INFOPLIST_FILE = core_data_homeworkUITests/Info.plist;
				LD_RUNPATH_SEARCH_PATHS = (
					"$(inherited)",
					"@executable_path/Frameworks",
					"@loader_path/Frameworks",
				);
				PRODUCT_BUNDLE_IDENTIFIER = "grunenkov.core-data-homeworkUITests";
				PRODUCT_NAME = "$(TARGET_NAME)";
				SWIFT_VERSION = 5.0;
				TARGETED_DEVICE_FAMILY = "1,2";
				TEST_TARGET_NAME = core_data_homework;
			};
			name = Release;
		};
/* End XCBuildConfiguration section */

/* Begin XCConfigurationList section */
		2D3E5EDC25DC6695009D6F07 /* Build configuration list for PBXProject "core_data_homework" */ = {
			isa = XCConfigurationList;
			buildConfigurations = (
				2D3E5F0C25DC6698009D6F07 /* Debug */,
				2D3E5F0D25DC6698009D6F07 /* Release */,
			);
			defaultConfigurationIsVisible = 0;
			defaultConfigurationName = Release;
		};
		2D3E5F0E25DC6698009D6F07 /* Build configuration list for PBXNativeTarget "core_data_homework" */ = {
			isa = XCConfigurationList;
			buildConfigurations = (
				2D3E5F0F25DC6698009D6F07 /* Debug */,
				2D3E5F1025DC6698009D6F07 /* Release */,
			);
			defaultConfigurationIsVisible = 0;
			defaultConfigurationName = Release;
		};
		2D3E5F1125DC6698009D6F07 /* Build configuration list for PBXNativeTarget "core_data_homeworkTests" */ = {
			isa = XCConfigurationList;
			buildConfigurations = (
				2D3E5F1225DC6698009D6F07 /* Debug */,
				2D3E5F1325DC6698009D6F07 /* Release */,
			);
			defaultConfigurationIsVisible = 0;
			defaultConfigurationName = Release;
		};
		2D3E5F1425DC6698009D6F07 /* Build configuration list for PBXNativeTarget "core_data_homeworkUITests" */ = {
			isa = XCConfigurationList;
			buildConfigurations = (
				2D3E5F1525DC6698009D6F07 /* Debug */,
				2D3E5F1625DC6698009D6F07 /* Release */,
			);
			defaultConfigurationIsVisible = 0;
			defaultConfigurationName = Release;
		};
/* End XCConfigurationList section */

/* Begin XCVersionGroup section */
		2D3E5EED25DC6695009D6F07 /* PlayersCoreDataModels.xcdatamodeld */ = {
			isa = XCVersionGroup;
			children = (
				2D3E5EEE25DC6695009D6F07 /* core_data_homework.xcdatamodel */,
			);
			currentVersion = 2D3E5EEE25DC6695009D6F07 /* core_data_homework.xcdatamodel */;
			path = PlayersCoreDataModels.xcdatamodeld;
			sourceTree = "<group>";
			versionGroupType = wrapper.xcdatamodel;
		};
/* End XCVersionGroup section */
	};
	rootObject = 2D3E5ED925DC6695009D6F07 /* Project object */;
}
